
Microsoft Visual Studio Solution File, Format Version 12.00
# Visual Studio 2012
Project("{FAE04EC0-301F-11D3-BF4B-00C04F79EFBC}") = "jogoass", "jogoass.csproj", "{DC04AD4D-477C-4225-B4B1-AC4B3F957F26}"
EndProject
Global
	GlobalSection(SolutionConfigurationPlatforms) = preSolution
		Debug|Any CPU = Debug|Any CPU
		ExportDebug|Any CPU = ExportDebug|Any CPU
		ExportRelease|Any CPU = ExportRelease|Any CPU
	EndGlobalSection
	GlobalSection(ProjectConfigurationPlatforms) = postSolution
		{DC04AD4D-477C-4225-B4B1-AC4B3F957F26}.Debug|Any CPU.ActiveCfg = Debug|Any CPU
		{DC04AD4D-477C-4225-B4B1-AC4B3F957F26}.Debug|Any CPU.Build.0 = Debug|Any CPU
		{DC04AD4D-477C-4225-B4B1-AC4B3F957F26}.ExportDebug|Any CPU.ActiveCfg = ExportDebug|Any CPU
		{DC04AD4D-477C-4225-B4B1-AC4B3F957F26}.ExportDebug|Any CPU.Build.0 = ExportDebug|Any CPU
		{DC04AD4D-477C-4225-B4B1-AC4B3F957F26}.ExportRelease|Any CPU.ActiveCfg = ExportRelease|Any CPU
		{DC04AD4D-477C-4225-B4B1-AC4B3F957F26}.ExportRelease|Any CPU.Build.0 = ExportRelease|Any CPU
	EndGlobalSection
	GlobalSection(SolutionProperties) = preSolution
		HideSolutionNode = FALSE
	EndGlobalSection
EndGlobal
